
Microsoft Visual Studio Solution File, Format Version 11.00
# Visual Studio 2010
Project("{FAE04EC0-301F-11D3-BF4B-00C04F79EFBC}") = "eStoreCase1Website", "eStoreCase1Website\eStoreCase1Website.csproj", "{95D07C47-0846-44A1-AFF8-F03B996E10F2}"
EndProject
Project("{FAE04EC0-301F-11D3-BF4B-00C04F79EFBC}") = "eStoreWebObjects", "eStoreWebObjects\eStoreWebObjects.csproj", "{2D0F5431-FBC1-471E-973D-446619C17422}"
EndProject
Project("{FAE04EC0-301F-11D3-BF4B-00C04F79EFBC}") = "eStoreDataObjects", "eStoreDataObjects\eStoreDataObjects.csproj", "{47B5F453-3006-409B-90CE-34525742746C}"
EndProject
Global
	GlobalSection(SolutionConfigurationPlatforms) = preSolution
		Debug|Any CPU = Debug|Any CPU
		Release|Any CPU = Release|Any CPU
	EndGlobalSection
	GlobalSection(ProjectConfigurationPlatforms) = postSolution
		{95D07C47-0846-44A1-AFF8-F03B996E10F2}.Debug|Any CPU.ActiveCfg = Debug|Any CPU
		{95D07C47-0846-44A1-AFF8-F03B996E10F2}.Debug|Any CPU.Build.0 = Debug|Any CPU
		{95D07C47-0846-44A1-AFF8-F03B996E10F2}.Release|Any CPU.ActiveCfg = Release|Any CPU
		{95D07C47-0846-44A1-AFF8-F03B996E10F2}.Release|Any CPU.Build.0 = Release|Any CPU
		{2D0F5431-FBC1-471E-973D-446619C17422}.Debug|Any CPU.ActiveCfg = Debug|Any CPU
		{2D0F5431-FBC1-471E-973D-446619C17422}.Debug|Any CPU.Build.0 = Debug|Any CPU
		{2D0F5431-FBC1-471E-973D-446619C17422}.Release|Any CPU.ActiveCfg = Release|Any CPU
		{2D0F5431-FBC1-471E-973D-446619C17422}.Release|Any CPU.Build.0 = Release|Any CPU
		{47B5F453-3006-409B-90CE-34525742746C}.Debug|Any CPU.ActiveCfg = Debug|Any CPU
		{47B5F453-3006-409B-90CE-34525742746C}.Debug|Any CPU.Build.0 = Debug|Any CPU
		{47B5F453-3006-409B-90CE-34525742746C}.Release|Any CPU.ActiveCfg = Release|Any CPU
		{47B5F453-3006-409B-90CE-34525742746C}.Release|Any CPU.Build.0 = Release|Any CPU
	EndGlobalSection
	GlobalSection(SolutionProperties) = preSolution
		HideSolutionNode = FALSE
	EndGlobalSection
EndGlobal
